// !$*UTF8*$!
{
	archiveVersion = 1;
	classes = {
	};
	objectVersion = 56;
	objects = {

/* Begin PBXBuildFile section */
		4901AB162A42071000281A28 /* AITripPlannerApp.swift in Sources */ = {isa = PBXBuildFile; fileRef = 4901AB152A42071000281A28 /* AITripPlannerApp.swift */; };
		4901AB182A42071000281A28 /* ContentView.swift in Sources */ = {isa = PBXBuildFile; fileRef = 4901AB172A42071000281A28 /* ContentView.swift */; };
		4901AB1A2A42071100281A28 /* Assets.xcassets in Resources */ = {isa = PBXBuildFile; fileRef = 4901AB192A42071100281A28 /* Assets.xcassets */; };
		4901AB1D2A42071100281A28 /* Preview Assets.xcassets in Resources */ = {isa = PBXBuildFile; fileRef = 4901AB1C2A42071100281A28 /* Preview Assets.xcassets */; };
		4901AB252A421D2700281A28 /* OpenAIResponseHandler.swift in Sources */ = {isa = PBXBuildFile; fileRef = 4901AB242A421D2700281A28 /* OpenAIResponseHandler.swift */; };
		4901AB272A421D4F00281A28 /* OpenAIConnector.swift in Sources */ = {isa = PBXBuildFile; fileRef = 4901AB262A421D4F00281A28 /* OpenAIConnector.swift */; };
		49870C8A2A571616008171D8 /* AppLogoView.swift in Sources */ = {isa = PBXBuildFile; fileRef = 49870C892A571616008171D8 /* AppLogoView.swift */; };
		49870C922A575110008171D8 /* AITripPlannerUITests.swift in Sources */ = {isa = PBXBuildFile; fileRef = 49870C912A575110008171D8 /* AITripPlannerUITests.swift */; };
		49870C942A575110008171D8 /* AITripPlannerUITestsLaunchTests.swift in Sources */ = {isa = PBXBuildFile; fileRef = 49870C932A575110008171D8 /* AITripPlannerUITestsLaunchTests.swift */; };
		49870CA12A575123008171D8 /* AITripPlannerTests.swift in Sources */ = {isa = PBXBuildFile; fileRef = 49870CA02A575123008171D8 /* AITripPlannerTests.swift */; };
		49A9A9F62A44AA42004C8650 /* LoaderView.swift in Sources */ = {isa = PBXBuildFile; fileRef = 49A9A9F52A44AA42004C8650 /* LoaderView.swift */; };
		49A9A9F82A45F7DC004C8650 /* TripResultsView.swift in Sources */ = {isa = PBXBuildFile; fileRef = 49A9A9F72A45F7DC004C8650 /* TripResultsView.swift */; };
		49A9A9FA2A460A81004C8650 /* PlannerViewModel.swift in Sources */ = {isa = PBXBuildFile; fileRef = 49A9A9F92A460A81004C8650 /* PlannerViewModel.swift */; };
		49A9AA012A4B50A1004C8650 /* UnSplashAPIResponse.swift in Sources */ = {isa = PBXBuildFile; fileRef = 49A9AA002A4B50A1004C8650 /* UnSplashAPIResponse.swift */; };
		49A9AA032A4DF02C004C8650 /* OpenAIAPIResponse.swift in Sources */ = {isa = PBXBuildFile; fileRef = 49A9AA022A4DF02C004C8650 /* OpenAIAPIResponse.swift */; };
		49A9AA052A4E5F38004C8650 /* DayItineraryView.swift in Sources */ = {isa = PBXBuildFile; fileRef = 49A9AA042A4E5F38004C8650 /* DayItineraryView.swift */; };
		49A9AA072A4E6D54004C8650 /* DayDetailsView.swift in Sources */ = {isa = PBXBuildFile; fileRef = 49A9AA062A4E6D54004C8650 /* DayDetailsView.swift */; };
		49A9AA0A2A4F3392004C8650 /* UnsplashPhotoPicker in Frameworks */ = {isa = PBXBuildFile; productRef = 49A9AA092A4F3392004C8650 /* UnsplashPhotoPicker */; };
		49D480422A56102E0027B4FC /* URLImageModule in Frameworks */ = {isa = PBXBuildFile; productRef = 49D480412A56102E0027B4FC /* URLImageModule */; };
/* End PBXBuildFile section */

/* Begin PBXContainerItemProxy section */
		49870C952A575110008171D8 /* PBXContainerItemProxy */ = {
			isa = PBXContainerItemProxy;
			containerPortal = 4901AB0A2A42071000281A28 /* Project object */;
			proxyType = 1;
			remoteGlobalIDString = 4901AB112A42071000281A28;
			remoteInfo = AITripPlanner;
		};
		49870CA22A575123008171D8 /* PBXContainerItemProxy */ = {
			isa = PBXContainerItemProxy;
			containerPortal = 4901AB0A2A42071000281A28 /* Project object */;
			proxyType = 1;
			remoteGlobalIDString = 4901AB112A42071000281A28;
			remoteInfo = AITripPlanner;
		};
/* End PBXContainerItemProxy section */

/* Begin PBXFileReference section */
		4901AB122A42071000281A28 /* AITripPlanner.app */ = {isa = PBXFileReference; explicitFileType = wrapper.application; includeInIndex = 0; path = AITripPlanner.app; sourceTree = BUILT_PRODUCTS_DIR; };
		4901AB152A42071000281A28 /* AITripPlannerApp.swift */ = {isa = PBXFileReference; lastKnownFileType = sourcecode.swift; path = AITripPlannerApp.swift; sourceTree = "<group>"; };
		4901AB172A42071000281A28 /* ContentView.swift */ = {isa = PBXFileReference; lastKnownFileType = sourcecode.swift; path = ContentView.swift; sourceTree = "<group>"; };
		4901AB192A42071100281A28 /* Assets.xcassets */ = {isa = PBXFileReference; lastKnownFileType = folder.assetcatalog; path = Assets.xcassets; sourceTree = "<group>"; };
		4901AB1C2A42071100281A28 /* Preview Assets.xcassets */ = {isa = PBXFileReference; lastKnownFileType = folder.assetcatalog; path = "Preview Assets.xcassets"; sourceTree = "<group>"; };
		4901AB242A421D2700281A28 /* OpenAIResponseHandler.swift */ = {isa = PBXFileReference; lastKnownFileType = sourcecode.swift; path = OpenAIResponseHandler.swift; sourceTree = "<group>"; };
		4901AB262A421D4F00281A28 /* OpenAIConnector.swift */ = {isa = PBXFileReference; lastKnownFileType = sourcecode.swift; path = OpenAIConnector.swift; sourceTree = "<group>"; };
		4901AB282A43490B00281A28 /* Info.plist */ = {isa = PBXFileReference; lastKnownFileType = text.plist; path = Info.plist; sourceTree = "<group>"; };
		49870C892A571616008171D8 /* AppLogoView.swift */ = {isa = PBXFileReference; lastKnownFileType = sourcecode.swift; path = AppLogoView.swift; sourceTree = "<group>"; };
		49870C8F2A575110008171D8 /* AITripPlannerUITests.xctest */ = {isa = PBXFileReference; explicitFileType = wrapper.cfbundle; includeInIndex = 0; path = AITripPlannerUITests.xctest; sourceTree = BUILT_PRODUCTS_DIR; };
		49870C912A575110008171D8 /* AITripPlannerUITests.swift */ = {isa = PBXFileReference; lastKnownFileType = sourcecode.swift; path = AITripPlannerUITests.swift; sourceTree = "<group>"; };
		49870C932A575110008171D8 /* AITripPlannerUITestsLaunchTests.swift */ = {isa = PBXFileReference; lastKnownFileType = sourcecode.swift; path = AITripPlannerUITestsLaunchTests.swift; sourceTree = "<group>"; };
		49870C9E2A575123008171D8 /* AITripPlannerTests.xctest */ = {isa = PBXFileReference; explicitFileType = wrapper.cfbundle; includeInIndex = 0; path = AITripPlannerTests.xctest; sourceTree = BUILT_PRODUCTS_DIR; };
		49870CA02A575123008171D8 /* AITripPlannerTests.swift */ = {isa = PBXFileReference; lastKnownFileType = sourcecode.swift; path = AITripPlannerTests.swift; sourceTree = "<group>"; };
		49A9A9F42A44969A004C8650 /* Config.xcconfig */ = {isa = PBXFileReference; lastKnownFileType = text.xcconfig; path = Config.xcconfig; sourceTree = "<group>"; };
		49A9A9F52A44AA42004C8650 /* LoaderView.swift */ = {isa = PBXFileReference; lastKnownFileType = sourcecode.swift; path = LoaderView.swift; sourceTree = "<group>"; };
		49A9A9F72A45F7DC004C8650 /* TripResultsView.swift */ = {isa = PBXFileReference; lastKnownFileType = sourcecode.swift; path = TripResultsView.swift; sourceTree = "<group>"; };
		49A9A9F92A460A81004C8650 /* PlannerViewModel.swift */ = {isa = PBXFileReference; lastKnownFileType = sourcecode.swift; path = PlannerViewModel.swift; sourceTree = "<group>"; };
		49A9AA002A4B50A1004C8650 /* UnSplashAPIResponse.swift */ = {isa = PBXFileReference; lastKnownFileType = sourcecode.swift; path = UnSplashAPIResponse.swift; sourceTree = "<group>"; };
		49A9AA022A4DF02C004C8650 /* OpenAIAPIResponse.swift */ = {isa = PBXFileReference; lastKnownFileType = sourcecode.swift; path = OpenAIAPIResponse.swift; sourceTree = "<group>"; };
		49A9AA042A4E5F38004C8650 /* DayItineraryView.swift */ = {isa = PBXFileReference; lastKnownFileType = sourcecode.swift; path = DayItineraryView.swift; sourceTree = "<group>"; };
		49A9AA062A4E6D54004C8650 /* DayDetailsView.swift */ = {isa = PBXFileReference; lastKnownFileType = sourcecode.swift; path = DayDetailsView.swift; sourceTree = "<group>"; };
/* End PBXFileReference section */

/* Begin PBXFrameworksBuildPhase section */
		4901AB0F2A42071000281A28 /* Frameworks */ = {
			isa = PBXFrameworksBuildPhase;
			buildActionMask = 2147483647;
			files = (
				49D480422A56102E0027B4FC /* URLImageModule in Frameworks */,
				49A9AA0A2A4F3392004C8650 /* UnsplashPhotoPicker in Frameworks */,
			);
			runOnlyForDeploymentPostprocessing = 0;
		};
		49870C8C2A575110008171D8 /* Frameworks */ = {
			isa = PBXFrameworksBuildPhase;
			buildActionMask = 2147483647;
			files = (
			);
			runOnlyForDeploymentPostprocessing = 0;
		};
		49870C9B2A575123008171D8 /* Frameworks */ = {
			isa = PBXFrameworksBuildPhase;
			buildActionMask = 2147483647;
			files = (
			);
			runOnlyForDeploymentPostprocessing = 0;
		};
/* End PBXFrameworksBuildPhase section */

/* Begin PBXGroup section */
		4901AB092A42071000281A28 = {
			isa = PBXGroup;
			children = (
				49A9A9F42A44969A004C8650 /* Config.xcconfig */,
				4901AB142A42071000281A28 /* AITripPlanner */,
				49870C902A575110008171D8 /* AITripPlannerUITests */,
				49870C9F2A575123008171D8 /* AITripPlannerTests */,
				4901AB132A42071000281A28 /* Products */,
			);
			sourceTree = "<group>";
		};
		4901AB132A42071000281A28 /* Products */ = {
			isa = PBXGroup;
			children = (
				4901AB122A42071000281A28 /* AITripPlanner.app */,
				49870C8F2A575110008171D8 /* AITripPlannerUITests.xctest */,
				49870C9E2A575123008171D8 /* AITripPlannerTests.xctest */,
			);
			name = Products;
			sourceTree = "<group>";
		};
		4901AB142A42071000281A28 /* AITripPlanner */ = {
			isa = PBXGroup;
			children = (
				49A9A9FF2A4B5045004C8650 /* Models */,
				49A9A9FC2A4A10CA004C8650 /* ViewModels */,
				49A9A9FB2A4A10BC004C8650 /* Views */,
				4901AB282A43490B00281A28 /* Info.plist */,
				4901AB232A421CFF00281A28 /* OpenAI */,
				4901AB192A42071100281A28 /* Assets.xcassets */,
				4901AB1B2A42071100281A28 /* Preview Content */,
			);
			path = AITripPlanner;
			sourceTree = "<group>";
		};
		4901AB1B2A42071100281A28 /* Preview Content */ = {
			isa = PBXGroup;
			children = (
				4901AB1C2A42071100281A28 /* Preview Assets.xcassets */,
			);
			path = "Preview Content";
			sourceTree = "<group>";
		};
		4901AB232A421CFF00281A28 /* OpenAI */ = {
			isa = PBXGroup;
			children = (
				4901AB242A421D2700281A28 /* OpenAIResponseHandler.swift */,
				4901AB262A421D4F00281A28 /* OpenAIConnector.swift */,
			);
			path = OpenAI;
			sourceTree = "<group>";
		};
		49870C902A575110008171D8 /* AITripPlannerUITests */ = {
			isa = PBXGroup;
			children = (
				49870C912A575110008171D8 /* AITripPlannerUITests.swift */,
				49870C932A575110008171D8 /* AITripPlannerUITestsLaunchTests.swift */,
			);
			path = AITripPlannerUITests;
			sourceTree = "<group>";
		};
		49870C9F2A575123008171D8 /* AITripPlannerTests */ = {
			isa = PBXGroup;
			children = (
				49870CA02A575123008171D8 /* AITripPlannerTests.swift */,
			);
			path = AITripPlannerTests;
			sourceTree = "<group>";
		};
		49A9A9FB2A4A10BC004C8650 /* Views */ = {
			isa = PBXGroup;
			children = (
				4901AB152A42071000281A28 /* AITripPlannerApp.swift */,
				49870C892A571616008171D8 /* AppLogoView.swift */,
				49A9AA042A4E5F38004C8650 /* DayItineraryView.swift */,
				49A9AA062A4E6D54004C8650 /* DayDetailsView.swift */,
				4901AB172A42071000281A28 /* ContentView.swift */,
				49A9A9F52A44AA42004C8650 /* LoaderView.swift */,
				49A9A9F72A45F7DC004C8650 /* TripResultsView.swift */,
			);
			path = Views;
			sourceTree = "<group>";
		};
		49A9A9FC2A4A10CA004C8650 /* ViewModels */ = {
			isa = PBXGroup;
			children = (
				49A9A9F92A460A81004C8650 /* PlannerViewModel.swift */,
			);
			path = ViewModels;
			sourceTree = "<group>";
		};
		49A9A9FF2A4B5045004C8650 /* Models */ = {
			isa = PBXGroup;
			children = (
				49A9AA002A4B50A1004C8650 /* UnSplashAPIResponse.swift */,
				49A9AA022A4DF02C004C8650 /* OpenAIAPIResponse.swift */,
			);
			path = Models;
			sourceTree = "<group>";
		};
/* End PBXGroup section */

/* Begin PBXNativeTarget section */
		4901AB112A42071000281A28 /* AITripPlanner */ = {
			isa = PBXNativeTarget;
			buildConfigurationList = 4901AB202A42071100281A28 /* Build configuration list for PBXNativeTarget "AITripPlanner" */;
			buildPhases = (
				4901AB0E2A42071000281A28 /* Sources */,
				4901AB0F2A42071000281A28 /* Frameworks */,
				4901AB102A42071000281A28 /* Resources */,
			);
			buildRules = (
			);
			dependencies = (
			);
			name = AITripPlanner;
			packageProductDependencies = (
				49A9AA092A4F3392004C8650 /* UnsplashPhotoPicker */,
				49D480412A56102E0027B4FC /* URLImageModule */,
			);
			productName = AITripPlanner;
			productReference = 4901AB122A42071000281A28 /* AITripPlanner.app */;
			productType = "com.apple.product-type.application";
		};
		49870C8E2A575110008171D8 /* AITripPlannerUITests */ = {
			isa = PBXNativeTarget;
			buildConfigurationList = 49870C972A575110008171D8 /* Build configuration list for PBXNativeTarget "AITripPlannerUITests" */;
			buildPhases = (
				49870C8B2A575110008171D8 /* Sources */,
				49870C8C2A575110008171D8 /* Frameworks */,
				49870C8D2A575110008171D8 /* Resources */,
			);
			buildRules = (
			);
			dependencies = (
				49870C962A575110008171D8 /* PBXTargetDependency */,
			);
			name = AITripPlannerUITests;
			productName = AITripPlannerUITests;
			productReference = 49870C8F2A575110008171D8 /* AITripPlannerUITests.xctest */;
			productType = "com.apple.product-type.bundle.ui-testing";
		};
		49870C9D2A575123008171D8 /* AITripPlannerTests */ = {
			isa = PBXNativeTarget;
			buildConfigurationList = 49870CA42A575123008171D8 /* Build configuration list for PBXNativeTarget "AITripPlannerTests" */;
			buildPhases = (
				49870C9A2A575123008171D8 /* Sources */,
				49870C9B2A575123008171D8 /* Frameworks */,
				49870C9C2A575123008171D8 /* Resources */,
			);
			buildRules = (
			);
			dependencies = (
				49870CA32A575123008171D8 /* PBXTargetDependency */,
			);
			name = AITripPlannerTests;
			productName = AITripPlannerTests;
			productReference = 49870C9E2A575123008171D8 /* AITripPlannerTests.xctest */;
			productType = "com.apple.product-type.bundle.unit-test";
		};
/* End PBXNativeTarget section */

/* Begin PBXProject section */
		4901AB0A2A42071000281A28 /* Project object */ = {
			isa = PBXProject;
			attributes = {
				BuildIndependentTargetsInParallel = 1;
				LastSwiftUpdateCheck = 1430;
				LastUpgradeCheck = 1430;
				TargetAttributes = {
					4901AB112A42071000281A28 = {
						CreatedOnToolsVersion = 14.3.1;
					};
					49870C8E2A575110008171D8 = {
						CreatedOnToolsVersion = 14.3.1;
						TestTargetID = 4901AB112A42071000281A28;
					};
					49870C9D2A575123008171D8 = {
						CreatedOnToolsVersion = 14.3.1;
						TestTargetID = 4901AB112A42071000281A28;
					};
				};
			};
			buildConfigurationList = 4901AB0D2A42071000281A28 /* Build configuration list for PBXProject "AITripPlanner" */;
			compatibilityVersion = "Xcode 14.0";
			developmentRegion = en;
			hasScannedForEncodings = 0;
			knownRegions = (
				en,
				Base,
			);
			mainGroup = 4901AB092A42071000281A28;
			packageReferences = (
				49A9AA082A4F3392004C8650 /* XCRemoteSwiftPackageReference "unsplash-photopicker-ios" */,
				49D480402A56102E0027B4FC /* XCRemoteSwiftPackageReference "url-image-module" */,
			);
			productRefGroup = 4901AB132A42071000281A28 /* Products */;
			projectDirPath = "";
			projectRoot = "";
			targets = (
				4901AB112A42071000281A28 /* AITripPlanner */,
				49870C8E2A575110008171D8 /* AITripPlannerUITests */,
				49870C9D2A575123008171D8 /* AITripPlannerTests */,
			);
		};
/* End PBXProject section */

/* Begin PBXResourcesBuildPhase section */
		4901AB102A42071000281A28 /* Resources */ = {
			isa = PBXResourcesBuildPhase;
			buildActionMask = 2147483647;
			files = (
				4901AB1D2A42071100281A28 /* Preview Assets.xcassets in Resources */,
				4901AB1A2A42071100281A28 /* Assets.xcassets in Resources */,
			);
			runOnlyForDeploymentPostprocessing = 0;
		};
		49870C8D2A575110008171D8 /* Resources */ = {
			isa = PBXResourcesBuildPhase;
			buildActionMask = 2147483647;
			files = (
			);
			runOnlyForDeploymentPostprocessing = 0;
		};
		49870C9C2A575123008171D8 /* Resources */ = {
			isa = PBXResourcesBuildPhase;
			buildActionMask = 2147483647;
			files = (
			);
			runOnlyForDeploymentPostprocessing = 0;
		};
/* End PBXResourcesBuildPhase section */

/* Begin PBXSourcesBuildPhase section */
		4901AB0E2A42071000281A28 /* Sources */ = {
			isa = PBXSourcesBuildPhase;
			buildActionMask = 2147483647;
			files = (
				4901AB182A42071000281A28 /* ContentView.swift in Sources */,
				4901AB252A421D2700281A28 /* OpenAIResponseHandler.swift in Sources */,
				49A9AA032A4DF02C004C8650 /* OpenAIAPIResponse.swift in Sources */,
				49A9A9FA2A460A81004C8650 /* PlannerViewModel.swift in Sources */,
				4901AB162A42071000281A28 /* AITripPlannerApp.swift in Sources */,
				49870C8A2A571616008171D8 /* AppLogoView.swift in Sources */,
				49A9AA052A4E5F38004C8650 /* DayItineraryView.swift in Sources */,
				4901AB272A421D4F00281A28 /* OpenAIConnector.swift in Sources */,
				49A9A9F82A45F7DC004C8650 /* TripResultsView.swift in Sources */,
				49A9AA012A4B50A1004C8650 /* UnSplashAPIResponse.swift in Sources */,
				49A9A9F62A44AA42004C8650 /* LoaderView.swift in Sources */,
				49A9AA072A4E6D54004C8650 /* DayDetailsView.swift in Sources */,
			);
			runOnlyForDeploymentPostprocessing = 0;
		};
		49870C8B2A575110008171D8 /* Sources */ = {
			isa = PBXSourcesBuildPhase;
			buildActionMask = 2147483647;
			files = (
				49870C942A575110008171D8 /* AITripPlannerUITestsLaunchTests.swift in Sources */,
				49870C922A575110008171D8 /* AITripPlannerUITests.swift in Sources */,
			);
			runOnlyForDeploymentPostprocessing = 0;
		};
		49870C9A2A575123008171D8 /* Sources */ = {
			isa = PBXSourcesBuildPhase;
			buildActionMask = 2147483647;
			files = (
				49870CA12A575123008171D8 /* AITripPlannerTests.swift in Sources */,
			);
			runOnlyForDeploymentPostprocessing = 0;
		};
/* End PBXSourcesBuildPhase section */

/* Begin PBXTargetDependency section */
		49870C962A575110008171D8 /* PBXTargetDependency */ = {
			isa = PBXTargetDependency;
			target = 4901AB112A42071000281A28 /* AITripPlanner */;
			targetProxy = 49870C952A575110008171D8 /* PBXContainerItemProxy */;
		};
		49870CA32A575123008171D8 /* PBXTargetDependency */ = {
			isa = PBXTargetDependency;
			target = 4901AB112A42071000281A28 /* AITripPlanner */;
			targetProxy = 49870CA22A575123008171D8 /* PBXContainerItemProxy */;
		};
/* End PBXTargetDependency section */

/* Begin XCBuildConfiguration section */
		4901AB1E2A42071100281A28 /* Debug */ = {
			isa = XCBuildConfiguration;
			baseConfigurationReference = 49A9A9F42A44969A004C8650 /* Config.xcconfig */;
			buildSettings = {
				ALWAYS_SEARCH_USER_PATHS = NO;
				CLANG_ANALYZER_NONNULL = YES;
				CLANG_ANALYZER_NUMBER_OBJECT_CONVERSION = YES_AGGRESSIVE;
				CLANG_CXX_LANGUAGE_STANDARD = "gnu++20";
				CLANG_ENABLE_MODULES = YES;
				CLANG_ENABLE_OBJC_ARC = YES;
				CLANG_ENABLE_OBJC_WEAK = YES;
				CLANG_WARN_BLOCK_CAPTURE_AUTORELEASING = YES;
				CLANG_WARN_BOOL_CONVERSION = YES;
				CLANG_WARN_COMMA = YES;
				CLANG_WARN_CONSTANT_CONVERSION = YES;
				CLANG_WARN_DEPRECATED_OBJC_IMPLEMENTATIONS = YES;
				CLANG_WARN_DIRECT_OBJC_ISA_USAGE = YES_ERROR;
				CLANG_WARN_DOCUMENTATION_COMMENTS = YES;
				CLANG_WARN_EMPTY_BODY = YES;
				CLANG_WARN_ENUM_CONVERSION = YES;
				CLANG_WARN_INFINITE_RECURSION = YES;
				CLANG_WARN_INT_CONVERSION = YES;
				CLANG_WARN_NON_LITERAL_NULL_CONVERSION = YES;
				CLANG_WARN_OBJC_IMPLICIT_RETAIN_SELF = YES;
				CLANG_WARN_OBJC_LITERAL_CONVERSION = YES;
				CLANG_WARN_OBJC_ROOT_CLASS = YES_ERROR;
				CLANG_WARN_QUOTED_INCLUDE_IN_FRAMEWORK_HEADER = YES;
				CLANG_WARN_RANGE_LOOP_ANALYSIS = YES;
				CLANG_WARN_STRICT_PROTOTYPES = YES;
				CLANG_WARN_SUSPICIOUS_MOVE = YES;
				CLANG_WARN_UNGUARDED_AVAILABILITY = YES_AGGRESSIVE;
				CLANG_WARN_UNREACHABLE_CODE = YES;
				CLANG_WARN__DUPLICATE_METHOD_MATCH = YES;
				COPY_PHASE_STRIP = NO;
				DEBUG_INFORMATION_FORMAT = dwarf;
				ENABLE_STRICT_OBJC_MSGSEND = YES;
				ENABLE_TESTABILITY = YES;
				GCC_C_LANGUAGE_STANDARD = gnu11;
				GCC_DYNAMIC_NO_PIC = NO;
				GCC_NO_COMMON_BLOCKS = YES;
				GCC_OPTIMIZATION_LEVEL = 0;
				GCC_PREPROCESSOR_DEFINITIONS = (
					"DEBUG=1",
					"$(inherited)",
				);
				GCC_WARN_64_TO_32_BIT_CONVERSION = YES;
				GCC_WARN_ABOUT_RETURN_TYPE = YES_ERROR;
				GCC_WARN_UNDECLARED_SELECTOR = YES;
				GCC_WARN_UNINITIALIZED_AUTOS = YES_AGGRESSIVE;
				GCC_WARN_UNUSED_FUNCTION = YES;
				GCC_WARN_UNUSED_VARIABLE = YES;
				IPHONEOS_DEPLOYMENT_TARGET = 16.4;
				MTL_ENABLE_DEBUG_INFO = INCLUDE_SOURCE;
				MTL_FAST_MATH = YES;
				ONLY_ACTIVE_ARCH = YES;
				SDKROOT = iphoneos;
				SWIFT_ACTIVE_COMPILATION_CONDITIONS = DEBUG;
				SWIFT_OPTIMIZATION_LEVEL = "-Onone";
			};
			name = Debug;
		};
		4901AB1F2A42071100281A28 /* Release */ = {
			isa = XCBuildConfiguration;
			baseConfigurationReference = 49A9A9F42A44969A004C8650 /* Config.xcconfig */;
			buildSettings = {
				ALWAYS_SEARCH_USER_PATHS = NO;
				CLANG_ANALYZER_NONNULL = YES;
				CLANG_ANALYZER_NUMBER_OBJECT_CONVERSION = YES_AGGRESSIVE;
				CLANG_CXX_LANGUAGE_STANDARD = "gnu++20";
				CLANG_ENABLE_MODULES = YES;
				CLANG_ENABLE_OBJC_ARC = YES;
				CLANG_ENABLE_OBJC_WEAK = YES;
				CLANG_WARN_BLOCK_CAPTURE_AUTORELEASING = YES;
				CLANG_WARN_BOOL_CONVERSION = YES;
				CLANG_WARN_COMMA = YES;
				CLANG_WARN_CONSTANT_CONVERSION = YES;
				CLANG_WARN_DEPRECATED_OBJC_IMPLEMENTATIONS = YES;
				CLANG_WARN_DIRECT_OBJC_ISA_USAGE = YES_ERROR;
				CLANG_WARN_DOCUMENTATION_COMMENTS = YES;
				CLANG_WARN_EMPTY_BODY = YES;
				CLANG_WARN_ENUM_CONVERSION = YES;
				CLANG_WARN_INFINITE_RECURSION = YES;
				CLANG_WARN_INT_CONVERSION = YES;
				CLANG_WARN_NON_LITERAL_NULL_CONVERSION = YES;
				CLANG_WARN_OBJC_IMPLICIT_RETAIN_SELF = YES;
				CLANG_WARN_OBJC_LITERAL_CONVERSION = YES;
				CLANG_WARN_OBJC_ROOT_CLASS = YES_ERROR;
				CLANG_WARN_QUOTED_INCLUDE_IN_FRAMEWORK_HEADER = YES;
				CLANG_WARN_RANGE_LOOP_ANALYSIS = YES;
				CLANG_WARN_STRICT_PROTOTYPES = YES;
				CLANG_WARN_SUSPICIOUS_MOVE = YES;
				CLANG_WARN_UNGUARDED_AVAILABILITY = YES_AGGRESSIVE;
				CLANG_WARN_UNREACHABLE_CODE = YES;
				CLANG_WARN__DUPLICATE_METHOD_MATCH = YES;
				COPY_PHASE_STRIP = NO;
				DEBUG_INFORMATION_FORMAT = "dwarf-with-dsym";
				ENABLE_NS_ASSERTIONS = NO;
				ENABLE_STRICT_OBJC_MSGSEND = YES;
				GCC_C_LANGUAGE_STANDARD = gnu11;
				GCC_NO_COMMON_BLOCKS = YES;
				GCC_WARN_64_TO_32_BIT_CONVERSION = YES;
				GCC_WARN_ABOUT_RETURN_TYPE = YES_ERROR;
				GCC_WARN_UNDECLARED_SELECTOR = YES;
				GCC_WARN_UNINITIALIZED_AUTOS = YES_AGGRESSIVE;
				GCC_WARN_UNUSED_FUNCTION = YES;
				GCC_WARN_UNUSED_VARIABLE = YES;
				IPHONEOS_DEPLOYMENT_TARGET = 16.4;
				MTL_ENABLE_DEBUG_INFO = NO;
				MTL_FAST_MATH = YES;
				SDKROOT = iphoneos;
				SWIFT_COMPILATION_MODE = wholemodule;
				SWIFT_OPTIMIZATION_LEVEL = "-O";
				VALIDATE_PRODUCT = YES;
			};
			name = Release;
		};
		4901AB212A42071100281A28 /* Debug */ = {
			isa = XCBuildConfiguration;
			buildSettings = {
				ASSETCATALOG_COMPILER_APPICON_NAME = AppIcon;
				ASSETCATALOG_COMPILER_GLOBAL_ACCENT_COLOR_NAME = AccentColor;
				CODE_SIGN_STYLE = Automatic;
				CURRENT_PROJECT_VERSION = 1;
				DEVELOPMENT_ASSET_PATHS = "\"AITripPlanner/Preview Content\"";
				ENABLE_PREVIEWS = YES;
				GENERATE_INFOPLIST_FILE = YES;
				INFOPLIST_FILE = AITripPlanner/Info.plist;
				INFOPLIST_KEY_UIApplicationSceneManifest_Generation = YES;
				INFOPLIST_KEY_UIApplicationSupportsIndirectInputEvents = YES;
				INFOPLIST_KEY_UILaunchScreen_Generation = YES;
				INFOPLIST_KEY_UISupportedInterfaceOrientations_iPad = "UIInterfaceOrientationPortrait UIInterfaceOrientationPortraitUpsideDown UIInterfaceOrientationLandscapeLeft UIInterfaceOrientationLandscapeRight";
				INFOPLIST_KEY_UISupportedInterfaceOrientations_iPhone = "UIInterfaceOrientationPortrait UIInterfaceOrientationLandscapeLeft UIInterfaceOrientationLandscapeRight";
				LD_RUNPATH_SEARCH_PATHS = (
					"$(inherited)",
					"@executable_path/Frameworks",
				);
				MARKETING_VERSION = 1.0;
				PRODUCT_BUNDLE_IDENTIFIER = com.danengel.AITripPlanner;
				PRODUCT_NAME = "$(TARGET_NAME)";
				SWIFT_EMIT_LOC_STRINGS = YES;
				SWIFT_VERSION = 5.0;
				TARGETED_DEVICE_FAMILY = "1,2";
			};
			name = Debug;
		};
		4901AB222A42071100281A28 /* Release */ = {
			isa = XCBuildConfiguration;
			buildSettings = {
				ASSETCATALOG_COMPILER_APPICON_NAME = AppIcon;
				ASSETCATALOG_COMPILER_GLOBAL_ACCENT_COLOR_NAME = AccentColor;
				CODE_SIGN_STYLE = Automatic;
				CURRENT_PROJECT_VERSION = 1;
				DEVELOPMENT_ASSET_PATHS = "\"AITripPlanner/Preview Content\"";
				ENABLE_PREVIEWS = YES;
				GENERATE_INFOPLIST_FILE = YES;
				INFOPLIST_FILE = AITripPlanner/Info.plist;
				INFOPLIST_KEY_UIApplicationSceneManifest_Generation = YES;
				INFOPLIST_KEY_UIApplicationSupportsIndirectInputEvents = YES;
				INFOPLIST_KEY_UILaunchScreen_Generation = YES;
				INFOPLIST_KEY_UISupportedInterfaceOrientations_iPad = "UIInterfaceOrientationPortrait UIInterfaceOrientationPortraitUpsideDown UIInterfaceOrientationLandscapeLeft UIInterfaceOrientationLandscapeRight";
				INFOPLIST_KEY_UISupportedInterfaceOrientations_iPhone = "UIInterfaceOrientationPortrait UIInterfaceOrientationLandscapeLeft UIInterfaceOrientationLandscapeRight";
				LD_RUNPATH_SEARCH_PATHS = (
					"$(inherited)",
					"@executable_path/Frameworks",
				);
				MARKETING_VERSION = 1.0;
				PRODUCT_BUNDLE_IDENTIFIER = com.danengel.AITripPlanner;
				PRODUCT_NAME = "$(TARGET_NAME)";
				SWIFT_EMIT_LOC_STRINGS = YES;
				SWIFT_VERSION = 5.0;
				TARGETED_DEVICE_FAMILY = "1,2";
			};
			name = Release;
		};
		49870C982A575110008171D8 /* Debug */ = {
			isa = XCBuildConfiguration;
			buildSettings = {
				CODE_SIGN_STYLE = Automatic;
				CURRENT_PROJECT_VERSION = 1;
				GENERATE_INFOPLIST_FILE = YES;
				MARKETING_VERSION = 1.0;
				PRODUCT_BUNDLE_IDENTIFIER = com.danengel.AITripPlannerUITests;
				PRODUCT_NAME = "$(TARGET_NAME)";
				SWIFT_EMIT_LOC_STRINGS = NO;
				SWIFT_VERSION = 5.0;
				TARGETED_DEVICE_FAMILY = "1,2";
				TEST_TARGET_NAME = AITripPlanner;
			};
			name = Debug;
		};
		49870C992A575110008171D8 /* Release */ = {
			isa = XCBuildConfiguration;
			buildSettings = {
				CODE_SIGN_STYLE = Automatic;
				CURRENT_PROJECT_VERSION = 1;
				GENERATE_INFOPLIST_FILE = YES;
				MARKETING_VERSION = 1.0;
				PRODUCT_BUNDLE_IDENTIFIER = com.danengel.AITripPlannerUITests;
				PRODUCT_NAME = "$(TARGET_NAME)";
				SWIFT_EMIT_LOC_STRINGS = NO;
				SWIFT_VERSION = 5.0;
				TARGETED_DEVICE_FAMILY = "1,2";
				TEST_TARGET_NAME = AITripPlanner;
			};
			name = Release;
		};
		49870CA52A575123008171D8 /* Debug */ = {
			isa = XCBuildConfiguration;
			buildSettings = {
				BUNDLE_LOADER = "$(TEST_HOST)";
				CODE_SIGN_STYLE = Automatic;
				CURRENT_PROJECT_VERSION = 1;
				GENERATE_INFOPLIST_FILE = YES;
				MARKETING_VERSION = 1.0;
				PRODUCT_BUNDLE_IDENTIFIER = com.danengel.AITripPlannerTests;
				PRODUCT_NAME = "$(TARGET_NAME)";
				SWIFT_EMIT_LOC_STRINGS = NO;
				SWIFT_VERSION = 5.0;
				TARGETED_DEVICE_FAMILY = "1,2";
				TEST_HOST = "$(BUILT_PRODUCTS_DIR)/AITripPlanner.app/$(BUNDLE_EXECUTABLE_FOLDER_PATH)/AITripPlanner";
			};
			name = Debug;
		};
		49870CA62A575123008171D8 /* Release */ = {
			isa = XCBuildConfiguration;
			buildSettings = {
				BUNDLE_LOADER = "$(TEST_HOST)";
				CODE_SIGN_STYLE = Automatic;
				CURRENT_PROJECT_VERSION = 1;
				GENERATE_INFOPLIST_FILE = YES;
				MARKETING_VERSION = 1.0;
				PRODUCT_BUNDLE_IDENTIFIER = com.danengel.AITripPlannerTests;
				PRODUCT_NAME = "$(TARGET_NAME)";
				SWIFT_EMIT_LOC_STRINGS = NO;
				SWIFT_VERSION = 5.0;
				TARGETED_DEVICE_FAMILY = "1,2";
				TEST_HOST = "$(BUILT_PRODUCTS_DIR)/AITripPlanner.app/$(BUNDLE_EXECUTABLE_FOLDER_PATH)/AITripPlanner";
			};
			name = Release;
		};
/* End XCBuildConfiguration section */

/* Begin XCConfigurationList section */
		4901AB0D2A42071000281A28 /* Build configuration list for PBXProject "AITripPlanner" */ = {
			isa = XCConfigurationList;
			buildConfigurations = (
				4901AB1E2A42071100281A28 /* Debug */,
				4901AB1F2A42071100281A28 /* Release */,
			);
			defaultConfigurationIsVisible = 0;
			defaultConfigurationName = Release;
		};
		4901AB202A42071100281A28 /* Build configuration list for PBXNativeTarget "AITripPlanner" */ = {
			isa = XCConfigurationList;
			buildConfigurations = (
				4901AB212A42071100281A28 /* Debug */,
				4901AB222A42071100281A28 /* Release */,
			);
			defaultConfigurationIsVisible = 0;
			defaultConfigurationName = Release;
		};
		49870C972A575110008171D8 /* Build configuration list for PBXNativeTarget "AITripPlannerUITests" */ = {
			isa = XCConfigurationList;
			buildConfigurations = (
				49870C982A575110008171D8 /* Debug */,
				49870C992A575110008171D8 /* Release */,
			);
			defaultConfigurationIsVisible = 0;
			defaultConfigurationName = Release;
		};
		49870CA42A575123008171D8 /* Build configuration list for PBXNativeTarget "AITripPlannerTests" */ = {
			isa = XCConfigurationList;
			buildConfigurations = (
				49870CA52A575123008171D8 /* Debug */,
				49870CA62A575123008171D8 /* Release */,
			);
			defaultConfigurationIsVisible = 0;
			defaultConfigurationName = Release;
		};
/* End XCConfigurationList section */

/* Begin XCRemoteSwiftPackageReference section */
		49A9AA082A4F3392004C8650 /* XCRemoteSwiftPackageReference "unsplash-photopicker-ios" */ = {
			isa = XCRemoteSwiftPackageReference;
			repositoryURL = "https://github.com/unsplash/unsplash-photopicker-ios.git";
			requirement = {
				kind = upToNextMajorVersion;
				minimumVersion = 1.0.0;
			};
		};
		49D480402A56102E0027B4FC /* XCRemoteSwiftPackageReference "url-image-module" */ = {
			isa = XCRemoteSwiftPackageReference;
			repositoryURL = "https://github.com/swiftui-packages/url-image-module.git";
			requirement = {
				kind = upToNextMajorVersion;
				minimumVersion = 1.0.0;
			};
		};
/* End XCRemoteSwiftPackageReference section */

/* Begin XCSwiftPackageProductDependency section */
		49A9AA092A4F3392004C8650 /* UnsplashPhotoPicker */ = {
			isa = XCSwiftPackageProductDependency;
			package = 49A9AA082A4F3392004C8650 /* XCRemoteSwiftPackageReference "unsplash-photopicker-ios" */;
			productName = UnsplashPhotoPicker;
		};
		49D480412A56102E0027B4FC /* URLImageModule */ = {
			isa = XCSwiftPackageProductDependency;
			package = 49D480402A56102E0027B4FC /* XCRemoteSwiftPackageReference "url-image-module" */;
			productName = URLImageModule;
		};
/* End XCSwiftPackageProductDependency section */
	};
	rootObject = 4901AB0A2A42071000281A28 /* Project object */;
}
