{
  "pins" : [
    {
      "identity" : "unsplash-photopicker-ios",
      "kind" : "remoteSourceControl",
      "location" : "https://github.com/unsplash/unsplash-photopicker-ios.git",
      "state" : {
        "revision" : "7306a92362855ec41149e5e214c63089586653f4",
        "version" : "1.3.0"
      }
    },
    {
      "identity" : "url-image-module",
      "kind" : "remoteSourceControl",
      "location" : "https://github.com/swiftui-packages/url-image-module.git",
      "state" : {
        "revision" : "ad0cbd7119c94b8d81fad8713c4fc1f2d7afd181",
        "version" : "1.0.0"
      }
    }
  ],
  "version" : 2
}
